// !$*UTF8*$!
{
	archiveVersion = 1;
	classes = {
	};
	objectVersion = 56;
	objects = {

/* Begin PBXBuildFile section */
		838B3EE82C09158B00518808 /* GhibliGuideApp.swift in Sources */ = {isa = PBXBuildFile; fileRef = 838B3EE72C09158B00518808 /* GhibliGuideApp.swift */; };
		838B3EEA2C09158B00518808 /* FilmListView.swift in Sources */ = {isa = PBXBuildFile; fileRef = 838B3EE92C09158B00518808 /* FilmListView.swift */; };
		838B3EEC2C09158C00518808 /* Assets.xcassets in Resources */ = {isa = PBXBuildFile; fileRef = 838B3EEB2C09158C00518808 /* Assets.xcassets */; };
		838B3EEF2C09158C00518808 /* Preview Assets.xcassets in Resources */ = {isa = PBXBuildFile; fileRef = 838B3EEE2C09158C00518808 /* Preview Assets.xcassets */; };
		838B3EF92C09158C00518808 /* FilmListViewModelTests.swift in Sources */ = {isa = PBXBuildFile; fileRef = 838B3EF82C09158C00518808 /* FilmListViewModelTests.swift */; };
		838B3F032C09158C00518808 /* GhibliGuideUITests.swift in Sources */ = {isa = PBXBuildFile; fileRef = 838B3F022C09158C00518808 /* GhibliGuideUITests.swift */; };
		838B3F052C09158C00518808 /* GhibliGuideUITestsLaunchTests.swift in Sources */ = {isa = PBXBuildFile; fileRef = 838B3F042C09158C00518808 /* GhibliGuideUITestsLaunchTests.swift */; };
		838B3F122C0915F500518808 /* Model.swift in Sources */ = {isa = PBXBuildFile; fileRef = 838B3F112C0915F500518808 /* Model.swift */; };
		838B3F142C09180B00518808 /* RealFilmService.swift in Sources */ = {isa = PBXBuildFile; fileRef = 838B3F132C09180B00518808 /* RealFilmService.swift */; };
		838B3F162C09194500518808 /* FilmListViewModel.swift in Sources */ = {isa = PBXBuildFile; fileRef = 838B3F152C09194500518808 /* FilmListViewModel.swift */; };
		838B3F182C09329D00518808 /* FilmDetailView.swift in Sources */ = {isa = PBXBuildFile; fileRef = 838B3F172C09329D00518808 /* FilmDetailView.swift */; };
		838B3F1A2C0935E500518808 /* FilmDetailViewModel.swift in Sources */ = {isa = PBXBuildFile; fileRef = 838B3F192C0935E500518808 /* FilmDetailViewModel.swift */; };
		838B3F1C2C097A0F00518808 /* DividerView.swift in Sources */ = {isa = PBXBuildFile; fileRef = 838B3F1B2C097A0F00518808 /* DividerView.swift */; };
		83ECFA4E2C0C1E6B00FF050D /* MockFilmService.swift in Sources */ = {isa = PBXBuildFile; fileRef = 83ECFA4D2C0C1E6B00FF050D /* MockFilmService.swift */; };
/* End PBXBuildFile section */

/* Begin PBXContainerItemProxy section */
		838B3EF52C09158C00518808 /* PBXContainerItemProxy */ = {
			isa = PBXContainerItemProxy;
			containerPortal = 838B3EDC2C09158B00518808 /* Project object */;
			proxyType = 1;
			remoteGlobalIDString = 838B3EE32C09158B00518808;
			remoteInfo = GhibliGuide;
		};
		838B3EFF2C09158C00518808 /* PBXContainerItemProxy */ = {
			isa = PBXContainerItemProxy;
			containerPortal = 838B3EDC2C09158B00518808 /* Project object */;
			proxyType = 1;
			remoteGlobalIDString = 838B3EE32C09158B00518808;
			remoteInfo = GhibliGuide;
		};
/* End PBXContainerItemProxy section */

/* Begin PBXFileReference section */
		838B3EE42C09158B00518808 /* GhibliGuide.app */ = {isa = PBXFileReference; explicitFileType = wrapper.application; includeInIndex = 0; path = GhibliGuide.app; sourceTree = BUILT_PRODUCTS_DIR; };
		838B3EE72C09158B00518808 /* GhibliGuideApp.swift */ = {isa = PBXFileReference; lastKnownFileType = sourcecode.swift; path = GhibliGuideApp.swift; sourceTree = "<group>"; };
		838B3EE92C09158B00518808 /* FilmListView.swift */ = {isa = PBXFileReference; lastKnownFileType = sourcecode.swift; path = FilmListView.swift; sourceTree = "<group>"; };
		838B3EEB2C09158C00518808 /* Assets.xcassets */ = {isa = PBXFileReference; lastKnownFileType = folder.assetcatalog; path = Assets.xcassets; sourceTree = "<group>"; };
		838B3EEE2C09158C00518808 /* Preview Assets.xcassets */ = {isa = PBXFileReference; lastKnownFileType = folder.assetcatalog; path = "Preview Assets.xcassets"; sourceTree = "<group>"; };
		838B3EF42C09158C00518808 /* GhibliGuideTests.xctest */ = {isa = PBXFileReference; explicitFileType = wrapper.cfbundle; includeInIndex = 0; path = GhibliGuideTests.xctest; sourceTree = BUILT_PRODUCTS_DIR; };
		838B3EF82C09158C00518808 /* FilmListViewModelTests.swift */ = {isa = PBXFileReference; lastKnownFileType = sourcecode.swift; path = FilmListViewModelTests.swift; sourceTree = "<group>"; };
		838B3EFE2C09158C00518808 /* GhibliGuideUITests.xctest */ = {isa = PBXFileReference; explicitFileType = wrapper.cfbundle; includeInIndex = 0; path = GhibliGuideUITests.xctest; sourceTree = BUILT_PRODUCTS_DIR; };
		838B3F022C09158C00518808 /* GhibliGuideUITests.swift */ = {isa = PBXFileReference; lastKnownFileType = sourcecode.swift; path = GhibliGuideUITests.swift; sourceTree = "<group>"; };
		838B3F042C09158C00518808 /* GhibliGuideUITestsLaunchTests.swift */ = {isa = PBXFileReference; lastKnownFileType = sourcecode.swift; path = GhibliGuideUITestsLaunchTests.swift; sourceTree = "<group>"; };
		838B3F112C0915F500518808 /* Model.swift */ = {isa = PBXFileReference; lastKnownFileType = sourcecode.swift; path = Model.swift; sourceTree = "<group>"; };
		838B3F132C09180B00518808 /* RealFilmService.swift */ = {isa = PBXFileReference; lastKnownFileType = sourcecode.swift; path = RealFilmService.swift; sourceTree = "<group>"; };
		838B3F152C09194500518808 /* FilmListViewModel.swift */ = {isa = PBXFileReference; lastKnownFileType = sourcecode.swift; path = FilmListViewModel.swift; sourceTree = "<group>"; };
		838B3F172C09329D00518808 /* FilmDetailView.swift */ = {isa = PBXFileReference; lastKnownFileType = sourcecode.swift; path = FilmDetailView.swift; sourceTree = "<group>"; };
		838B3F192C0935E500518808 /* FilmDetailViewModel.swift */ = {isa = PBXFileReference; lastKnownFileType = sourcecode.swift; path = FilmDetailViewModel.swift; sourceTree = "<group>"; };
		838B3F1B2C097A0F00518808 /* DividerView.swift */ = {isa = PBXFileReference; lastKnownFileType = sourcecode.swift; path = DividerView.swift; sourceTree = "<group>"; };
		83ECFA4D2C0C1E6B00FF050D /* MockFilmService.swift */ = {isa = PBXFileReference; lastKnownFileType = sourcecode.swift; path = MockFilmService.swift; sourceTree = "<group>"; };
/* End PBXFileReference section */

/* Begin PBXFrameworksBuildPhase section */
		838B3EE12C09158B00518808 /* Frameworks */ = {
			isa = PBXFrameworksBuildPhase;
			buildActionMask = 2147483647;
			files = (
			);
			runOnlyForDeploymentPostprocessing = 0;
		};
		838B3EF12C09158C00518808 /* Frameworks */ = {
			isa = PBXFrameworksBuildPhase;
			buildActionMask = 2147483647;
			files = (
			);
			runOnlyForDeploymentPostprocessing = 0;
		};
		838B3EFB2C09158C00518808 /* Frameworks */ = {
			isa = PBXFrameworksBuildPhase;
			buildActionMask = 2147483647;
			files = (
			);
			runOnlyForDeploymentPostprocessing = 0;
		};
/* End PBXFrameworksBuildPhase section */

/* Begin PBXGroup section */
		838B3EDB2C09158B00518808 = {
			isa = PBXGroup;
			children = (
				838B3EE62C09158B00518808 /* GhibliGuide */,
				838B3EF72C09158C00518808 /* GhibliGuideTests */,
				838B3F012C09158C00518808 /* GhibliGuideUITests */,
				838B3EE52C09158B00518808 /* Products */,
			);
			sourceTree = "<group>";
		};
		838B3EE52C09158B00518808 /* Products */ = {
			isa = PBXGroup;
			children = (
				838B3EE42C09158B00518808 /* GhibliGuide.app */,
				838B3EF42C09158C00518808 /* GhibliGuideTests.xctest */,
				838B3EFE2C09158C00518808 /* GhibliGuideUITests.xctest */,
			);
			name = Products;
			sourceTree = "<group>";
		};
		838B3EE62C09158B00518808 /* GhibliGuide */ = {
			isa = PBXGroup;
			children = (
				838B3EE72C09158B00518808 /* GhibliGuideApp.swift */,
				838B3EE92C09158B00518808 /* FilmListView.swift */,
				838B3F172C09329D00518808 /* FilmDetailView.swift */,
				838B3F192C0935E500518808 /* FilmDetailViewModel.swift */,
				838B3F152C09194500518808 /* FilmListViewModel.swift */,
				838B3F132C09180B00518808 /* RealFilmService.swift */,
				838B3F1B2C097A0F00518808 /* DividerView.swift */,
				838B3F112C0915F500518808 /* Model.swift */,
				838B3EEB2C09158C00518808 /* Assets.xcassets */,
				838B3EED2C09158C00518808 /* Preview Content */,
			);
			path = GhibliGuide;
			sourceTree = "<group>";
		};
		838B3EED2C09158C00518808 /* Preview Content */ = {
			isa = PBXGroup;
			children = (
				838B3EEE2C09158C00518808 /* Preview Assets.xcassets */,
			);
			path = "Preview Content";
			sourceTree = "<group>";
		};
		838B3EF72C09158C00518808 /* GhibliGuideTests */ = {
			isa = PBXGroup;
			children = (
				838B3EF82C09158C00518808 /* FilmListViewModelTests.swift */,
				83ECFA4D2C0C1E6B00FF050D /* MockFilmService.swift */,
			);
			path = GhibliGuideTests;
			sourceTree = "<group>";
		};
		838B3F012C09158C00518808 /* GhibliGuideUITests */ = {
			isa = PBXGroup;
			children = (
				838B3F022C09158C00518808 /* GhibliGuideUITests.swift */,
				838B3F042C09158C00518808 /* GhibliGuideUITestsLaunchTests.swift */,
			);
			path = GhibliGuideUITests;
			sourceTree = "<group>";
		};
/* End PBXGroup section */

/* Begin PBXNativeTarget section */
		838B3EE32C09158B00518808 /* GhibliGuide */ = {
			isa = PBXNativeTarget;
			buildConfigurationList = 838B3F082C09158C00518808 /* Build configuration list for PBXNativeTarget "GhibliGuide" */;
			buildPhases = (
				838B3EE02C09158B00518808 /* Sources */,
				83ECFA4C2C0C0EE700FF050D /* ShellScript */,
				838B3EE12C09158B00518808 /* Frameworks */,
				838B3EE22C09158B00518808 /* Resources */,
			);
			buildRules = (
			);
			dependencies = (
			);
			name = GhibliGuide;
			productName = GhibliGuide;
			productReference = 838B3EE42C09158B00518808 /* GhibliGuide.app */;
			productType = "com.apple.product-type.application";
		};
		838B3EF32C09158C00518808 /* GhibliGuideTests */ = {
			isa = PBXNativeTarget;
			buildConfigurationList = 838B3F0B2C09158C00518808 /* Build configuration list for PBXNativeTarget "GhibliGuideTests" */;
			buildPhases = (
				838B3EF02C09158C00518808 /* Sources */,
				83ECFA4F2C0C289500FF050D /* ShellScript */,
				838B3EF12C09158C00518808 /* Frameworks */,
				838B3EF22C09158C00518808 /* Resources */,
			);
			buildRules = (
			);
			dependencies = (
				838B3EF62C09158C00518808 /* PBXTargetDependency */,
			);
			name = GhibliGuideTests;
			productName = GhibliGuideTests;
			productReference = 838B3EF42C09158C00518808 /* GhibliGuideTests.xctest */;
			productType = "com.apple.product-type.bundle.unit-test";
		};
		838B3EFD2C09158C00518808 /* GhibliGuideUITests */ = {
			isa = PBXNativeTarget;
			buildConfigurationList = 838B3F0E2C09158C00518808 /* Build configuration list for PBXNativeTarget "GhibliGuideUITests" */;
			buildPhases = (
				838B3EFA2C09158C00518808 /* Sources */,
				838B3EFB2C09158C00518808 /* Frameworks */,
				838B3EFC2C09158C00518808 /* Resources */,
			);
			buildRules = (
			);
			dependencies = (
				838B3F002C09158C00518808 /* PBXTargetDependency */,
			);
			name = GhibliGuideUITests;
			productName = GhibliGuideUITests;
			productReference = 838B3EFE2C09158C00518808 /* GhibliGuideUITests.xctest */;
			productType = "com.apple.product-type.bundle.ui-testing";
		};
/* End PBXNativeTarget section */

/* Begin PBXProject section */
		838B3EDC2C09158B00518808 /* Project object */ = {
			isa = PBXProject;
			attributes = {
				BuildIndependentTargetsInParallel = 1;
				LastSwiftUpdateCheck = 1540;
				LastUpgradeCheck = 1540;
				TargetAttributes = {
					838B3EE32C09158B00518808 = {
						CreatedOnToolsVersion = 15.4;
					};
					838B3EF32C09158C00518808 = {
						CreatedOnToolsVersion = 15.4;
						TestTargetID = 838B3EE32C09158B00518808;
					};
					838B3EFD2C09158C00518808 = {
						CreatedOnToolsVersion = 15.4;
						TestTargetID = 838B3EE32C09158B00518808;
					};
				};
			};
			buildConfigurationList = 838B3EDF2C09158B00518808 /* Build configuration list for PBXProject "GhibliGuide" */;
			compatibilityVersion = "Xcode 14.0";
			developmentRegion = en;
			hasScannedForEncodings = 0;
			knownRegions = (
				en,
				Base,
			);
			mainGroup = 838B3EDB2C09158B00518808;
			productRefGroup = 838B3EE52C09158B00518808 /* Products */;
			projectDirPath = "";
			projectRoot = "";
			targets = (
				838B3EE32C09158B00518808 /* GhibliGuide */,
				838B3EF32C09158C00518808 /* GhibliGuideTests */,
				838B3EFD2C09158C00518808 /* GhibliGuideUITests */,
			);
		};
/* End PBXProject section */

/* Begin PBXResourcesBuildPhase section */
		838B3EE22C09158B00518808 /* Resources */ = {
			isa = PBXResourcesBuildPhase;
			buildActionMask = 2147483647;
			files = (
				838B3EEF2C09158C00518808 /* Preview Assets.xcassets in Resources */,
				838B3EEC2C09158C00518808 /* Assets.xcassets in Resources */,
			);
			runOnlyForDeploymentPostprocessing = 0;
		};
		838B3EF22C09158C00518808 /* Resources */ = {
			isa = PBXResourcesBuildPhase;
			buildActionMask = 2147483647;
			files = (
			);
			runOnlyForDeploymentPostprocessing = 0;
		};
		838B3EFC2C09158C00518808 /* Resources */ = {
			isa = PBXResourcesBuildPhase;
			buildActionMask = 2147483647;
			files = (
			);
			runOnlyForDeploymentPostprocessing = 0;
		};
/* End PBXResourcesBuildPhase section */

/* Begin PBXShellScriptBuildPhase section */
		83ECFA4C2C0C0EE700FF050D /* ShellScript */ = {
			isa = PBXShellScriptBuildPhase;
			alwaysOutOfDate = 1;
			buildActionMask = 2147483647;
			files = (
			);
			inputFileListPaths = (
			);
			inputPaths = (
			);
			outputFileListPaths = (
			);
			outputPaths = (
			);
			runOnlyForDeploymentPostprocessing = 0;
			shellPath = /bin/sh;
			shellScript = "if [[ \"$(uname -m)\" == arm64 ]]\nthen\n    export PATH=\"/opt/homebrew/bin:$PATH\"\nfi\n\nif command -v swiftlint >/dev/null 2>&1\nthen\n    swiftlint\nelse\n    echo \"warning: `swiftlint` command not found - See https://github.com/realm/SwiftLint#installation for installation instructions.\"\nfi\n";
		};
		83ECFA4F2C0C289500FF050D /* ShellScript */ = {
			isa = PBXShellScriptBuildPhase;
			alwaysOutOfDate = 1;
			buildActionMask = 2147483647;
			files = (
			);
			inputFileListPaths = (
			);
			inputPaths = (
			);
			outputFileListPaths = (
			);
			outputPaths = (
			);
			runOnlyForDeploymentPostprocessing = 0;
			shellPath = /bin/sh;
			shellScript = "if [[ \"$(uname -m)\" == arm64 ]]\nthen\n    export PATH=\"/opt/homebrew/bin:$PATH\"\nfi\n\nif command -v swiftlint >/dev/null 2>&1\nthen\n    swiftlint\nelse\n    echo \"warning: `swiftlint` command not found - See https://github.com/realm/SwiftLint#installation for installation instructions.\"\nfi\n";
		};
/* End PBXShellScriptBuildPhase section */

/* Begin PBXSourcesBuildPhase section */
		838B3EE02C09158B00518808 /* Sources */ = {
			isa = PBXSourcesBuildPhase;
			buildActionMask = 2147483647;
			files = (
				838B3F162C09194500518808 /* FilmListViewModel.swift in Sources */,
				838B3F182C09329D00518808 /* FilmDetailView.swift in Sources */,
				838B3F122C0915F500518808 /* Model.swift in Sources */,
				838B3F142C09180B00518808 /* RealFilmService.swift in Sources */,
				838B3EEA2C09158B00518808 /* FilmListView.swift in Sources */,
				838B3EE82C09158B00518808 /* GhibliGuideApp.swift in Sources */,
				838B3F1C2C097A0F00518808 /* DividerView.swift in Sources */,
				838B3F1A2C0935E500518808 /* FilmDetailViewModel.swift in Sources */,
			);
			runOnlyForDeploymentPostprocessing = 0;
		};
		838B3EF02C09158C00518808 /* Sources */ = {
			isa = PBXSourcesBuildPhase;
			buildActionMask = 2147483647;
			files = (
				838B3EF92C09158C00518808 /* FilmListViewModelTests.swift in Sources */,
				83ECFA4E2C0C1E6B00FF050D /* MockFilmService.swift in Sources */,
			);
			runOnlyForDeploymentPostprocessing = 0;
		};
		838B3EFA2C09158C00518808 /* Sources */ = {
			isa = PBXSourcesBuildPhase;
			buildActionMask = 2147483647;
			files = (
				838B3F052C09158C00518808 /* GhibliGuideUITestsLaunchTests.swift in Sources */,
				838B3F032C09158C00518808 /* GhibliGuideUITests.swift in Sources */,
			);
			runOnlyForDeploymentPostprocessing = 0;
		};
/* End PBXSourcesBuildPhase section */

/* Begin PBXTargetDependency section */
		838B3EF62C09158C00518808 /* PBXTargetDependency */ = {
			isa = PBXTargetDependency;
			target = 838B3EE32C09158B00518808 /* GhibliGuide */;
			targetProxy = 838B3EF52C09158C00518808 /* PBXContainerItemProxy */;
		};
		838B3F002C09158C00518808 /* PBXTargetDependency */ = {
			isa = PBXTargetDependency;
			target = 838B3EE32C09158B00518808 /* GhibliGuide */;
			targetProxy = 838B3EFF2C09158C00518808 /* PBXContainerItemProxy */;
		};
/* End PBXTargetDependency section */

/* Begin XCBuildConfiguration section */
		838B3F062C09158C00518808 /* Debug */ = {
			isa = XCBuildConfiguration;
			buildSettings = {
				ALWAYS_SEARCH_USER_PATHS = NO;
				ASSETCATALOG_COMPILER_GENERATE_SWIFT_ASSET_SYMBOL_EXTENSIONS = YES;
				CLANG_ANALYZER_NONNULL = YES;
				CLANG_ANALYZER_NUMBER_OBJECT_CONVERSION = YES_AGGRESSIVE;
				CLANG_CXX_LANGUAGE_STANDARD = "gnu++20";
				CLANG_ENABLE_MODULES = YES;
				CLANG_ENABLE_OBJC_ARC = YES;
				CLANG_ENABLE_OBJC_WEAK = YES;
				CLANG_WARN_BLOCK_CAPTURE_AUTORELEASING = YES;
				CLANG_WARN_BOOL_CONVERSION = YES;
				CLANG_WARN_COMMA = YES;
				CLANG_WARN_CONSTANT_CONVERSION = YES;
				CLANG_WARN_DEPRECATED_OBJC_IMPLEMENTATIONS = YES;
				CLANG_WARN_DIRECT_OBJC_ISA_USAGE = YES_ERROR;
				CLANG_WARN_DOCUMENTATION_COMMENTS = YES;
				CLANG_WARN_EMPTY_BODY = YES;
				CLANG_WARN_ENUM_CONVERSION = YES;
				CLANG_WARN_INFINITE_RECURSION = YES;
				CLANG_WARN_INT_CONVERSION = YES;
				CLANG_WARN_NON_LITERAL_NULL_CONVERSION = YES;
				CLANG_WARN_OBJC_IMPLICIT_RETAIN_SELF = YES;
				CLANG_WARN_OBJC_LITERAL_CONVERSION = YES;
				CLANG_WARN_OBJC_ROOT_CLASS = YES_ERROR;
				CLANG_WARN_QUOTED_INCLUDE_IN_FRAMEWORK_HEADER = YES;
				CLANG_WARN_RANGE_LOOP_ANALYSIS = YES;
				CLANG_WARN_STRICT_PROTOTYPES = YES;
				CLANG_WARN_SUSPICIOUS_MOVE = YES;
				CLANG_WARN_UNGUARDED_AVAILABILITY = YES_AGGRESSIVE;
				CLANG_WARN_UNREACHABLE_CODE = YES;
				CLANG_WARN__DUPLICATE_METHOD_MATCH = YES;
				COPY_PHASE_STRIP = NO;
				DEBUG_INFORMATION_FORMAT = dwarf;
				ENABLE_STRICT_OBJC_MSGSEND = YES;
				ENABLE_TESTABILITY = YES;
				ENABLE_USER_SCRIPT_SANDBOXING = YES;
				GCC_C_LANGUAGE_STANDARD = gnu17;
				GCC_DYNAMIC_NO_PIC = NO;
				GCC_NO_COMMON_BLOCKS = YES;
				GCC_OPTIMIZATION_LEVEL = 0;
				GCC_PREPROCESSOR_DEFINITIONS = (
					"DEBUG=1",
					"$(inherited)",
				);
				GCC_WARN_64_TO_32_BIT_CONVERSION = YES;
				GCC_WARN_ABOUT_RETURN_TYPE = YES_ERROR;
				GCC_WARN_UNDECLARED_SELECTOR = YES;
				GCC_WARN_UNINITIALIZED_AUTOS = YES_AGGRESSIVE;
				GCC_WARN_UNUSED_FUNCTION = YES;
				GCC_WARN_UNUSED_VARIABLE = YES;
				IPHONEOS_DEPLOYMENT_TARGET = 17.5;
				LOCALIZATION_PREFERS_STRING_CATALOGS = YES;
				MTL_ENABLE_DEBUG_INFO = INCLUDE_SOURCE;
				MTL_FAST_MATH = YES;
				ONLY_ACTIVE_ARCH = YES;
				SDKROOT = iphoneos;
				SWIFT_ACTIVE_COMPILATION_CONDITIONS = "DEBUG $(inherited)";
				SWIFT_OPTIMIZATION_LEVEL = "-Onone";
			};
			name = Debug;
		};
		838B3F072C09158C00518808 /* Release */ = {
			isa = XCBuildConfiguration;
			buildSettings = {
				ALWAYS_SEARCH_USER_PATHS = NO;
				ASSETCATALOG_COMPILER_GENERATE_SWIFT_ASSET_SYMBOL_EXTENSIONS = YES;
				CLANG_ANALYZER_NONNULL = YES;
				CLANG_ANALYZER_NUMBER_OBJECT_CONVERSION = YES_AGGRESSIVE;
				CLANG_CXX_LANGUAGE_STANDARD = "gnu++20";
				CLANG_ENABLE_MODULES = YES;
				CLANG_ENABLE_OBJC_ARC = YES;
				CLANG_ENABLE_OBJC_WEAK = YES;
				CLANG_WARN_BLOCK_CAPTURE_AUTORELEASING = YES;
				CLANG_WARN_BOOL_CONVERSION = YES;
				CLANG_WARN_COMMA = YES;
				CLANG_WARN_CONSTANT_CONVERSION = YES;
				CLANG_WARN_DEPRECATED_OBJC_IMPLEMENTATIONS = YES;
				CLANG_WARN_DIRECT_OBJC_ISA_USAGE = YES_ERROR;
				CLANG_WARN_DOCUMENTATION_COMMENTS = YES;
				CLANG_WARN_EMPTY_BODY = YES;
				CLANG_WARN_ENUM_CONVERSION = YES;
				CLANG_WARN_INFINITE_RECURSION = YES;
				CLANG_WARN_INT_CONVERSION = YES;
				CLANG_WARN_NON_LITERAL_NULL_CONVERSION = YES;
				CLANG_WARN_OBJC_IMPLICIT_RETAIN_SELF = YES;
				CLANG_WARN_OBJC_LITERAL_CONVERSION = YES;
				CLANG_WARN_OBJC_ROOT_CLASS = YES_ERROR;
				CLANG_WARN_QUOTED_INCLUDE_IN_FRAMEWORK_HEADER = YES;
				CLANG_WARN_RANGE_LOOP_ANALYSIS = YES;
				CLANG_WARN_STRICT_PROTOTYPES = YES;
				CLANG_WARN_SUSPICIOUS_MOVE = YES;
				CLANG_WARN_UNGUARDED_AVAILABILITY = YES_AGGRESSIVE;
				CLANG_WARN_UNREACHABLE_CODE = YES;
				CLANG_WARN__DUPLICATE_METHOD_MATCH = YES;
				COPY_PHASE_STRIP = NO;
				DEBUG_INFORMATION_FORMAT = "dwarf-with-dsym";
				ENABLE_NS_ASSERTIONS = NO;
				ENABLE_STRICT_OBJC_MSGSEND = YES;
				ENABLE_USER_SCRIPT_SANDBOXING = YES;
				GCC_C_LANGUAGE_STANDARD = gnu17;
				GCC_NO_COMMON_BLOCKS = YES;
				GCC_WARN_64_TO_32_BIT_CONVERSION = YES;
				GCC_WARN_ABOUT_RETURN_TYPE = YES_ERROR;
				GCC_WARN_UNDECLARED_SELECTOR = YES;
				GCC_WARN_UNINITIALIZED_AUTOS = YES_AGGRESSIVE;
				GCC_WARN_UNUSED_FUNCTION = YES;
				GCC_WARN_UNUSED_VARIABLE = YES;
				IPHONEOS_DEPLOYMENT_TARGET = 17.5;
				LOCALIZATION_PREFERS_STRING_CATALOGS = YES;
				MTL_ENABLE_DEBUG_INFO = NO;
				MTL_FAST_MATH = YES;
				SDKROOT = iphoneos;
				SWIFT_COMPILATION_MODE = wholemodule;
				VALIDATE_PRODUCT = YES;
			};
			name = Release;
		};
		838B3F092C09158C00518808 /* Debug */ = {
			isa = XCBuildConfiguration;
			buildSettings = {
				ASSETCATALOG_COMPILER_APPICON_NAME = AppIcon;
				ASSETCATALOG_COMPILER_GLOBAL_ACCENT_COLOR_NAME = AccentColor;
				CODE_SIGN_STYLE = Automatic;
				CURRENT_PROJECT_VERSION = 1;
				DEVELOPMENT_ASSET_PATHS = "\"GhibliGuide/Preview Content\"";
				DEVELOPMENT_TEAM = F3CD9UZ9BR;
				ENABLE_PREVIEWS = YES;
				ENABLE_USER_SCRIPT_SANDBOXING = NO;
				GENERATE_INFOPLIST_FILE = YES;
				INFOPLIST_KEY_UIApplicationSceneManifest_Generation = YES;
				INFOPLIST_KEY_UIApplicationSupportsIndirectInputEvents = YES;
				INFOPLIST_KEY_UILaunchScreen_Generation = YES;
				INFOPLIST_KEY_UISupportedInterfaceOrientations_iPad = "UIInterfaceOrientationPortrait UIInterfaceOrientationPortraitUpsideDown UIInterfaceOrientationLandscapeLeft UIInterfaceOrientationLandscapeRight";
				INFOPLIST_KEY_UISupportedInterfaceOrientations_iPhone = "UIInterfaceOrientationPortrait UIInterfaceOrientationLandscapeLeft UIInterfaceOrientationLandscapeRight";
				LD_RUNPATH_SEARCH_PATHS = (
					"$(inherited)",
					"@executable_path/Frameworks",
				);
				MARKETING_VERSION = 1.0;
				PRODUCT_BUNDLE_IDENTIFIER = me.Chiles.Inge.GhibliGuide;
				PRODUCT_NAME = "$(TARGET_NAME)";
				SWIFT_EMIT_LOC_STRINGS = YES;
				SWIFT_VERSION = 5.0;
				TARGETED_DEVICE_FAMILY = "1,2";
			};
			name = Debug;
		};
		838B3F0A2C09158C00518808 /* Release */ = {
			isa = XCBuildConfiguration;
			buildSettings = {
				ASSETCATALOG_COMPILER_APPICON_NAME = AppIcon;
				ASSETCATALOG_COMPILER_GLOBAL_ACCENT_COLOR_NAME = AccentColor;
				CODE_SIGN_STYLE = Automatic;
				CURRENT_PROJECT_VERSION = 1;
				DEVELOPMENT_ASSET_PATHS = "\"GhibliGuide/Preview Content\"";
				DEVELOPMENT_TEAM = F3CD9UZ9BR;
				ENABLE_PREVIEWS = YES;
				ENABLE_USER_SCRIPT_SANDBOXING = NO;
				GENERATE_INFOPLIST_FILE = YES;
				INFOPLIST_KEY_UIApplicationSceneManifest_Generation = YES;
				INFOPLIST_KEY_UIApplicationSupportsIndirectInputEvents = YES;
				INFOPLIST_KEY_UILaunchScreen_Generation = YES;
				INFOPLIST_KEY_UISupportedInterfaceOrientations_iPad = "UIInterfaceOrientationPortrait UIInterfaceOrientationPortraitUpsideDown UIInterfaceOrientationLandscapeLeft UIInterfaceOrientationLandscapeRight";
				INFOPLIST_KEY_UISupportedInterfaceOrientations_iPhone = "UIInterfaceOrientationPortrait UIInterfaceOrientationLandscapeLeft UIInterfaceOrientationLandscapeRight";
				LD_RUNPATH_SEARCH_PATHS = (
					"$(inherited)",
					"@executable_path/Frameworks",
				);
				MARKETING_VERSION = 1.0;
				PRODUCT_BUNDLE_IDENTIFIER = me.Chiles.Inge.GhibliGuide;
				PRODUCT_NAME = "$(TARGET_NAME)";
				SWIFT_EMIT_LOC_STRINGS = YES;
				SWIFT_VERSION = 5.0;
				TARGETED_DEVICE_FAMILY = "1,2";
			};
			name = Release;
		};
		838B3F0C2C09158C00518808 /* Debug */ = {
			isa = XCBuildConfiguration;
			buildSettings = {
				ALWAYS_EMBED_SWIFT_STANDARD_LIBRARIES = YES;
				BUNDLE_LOADER = "$(TEST_HOST)";
				CODE_SIGN_STYLE = Automatic;
				CURRENT_PROJECT_VERSION = 1;
				DEVELOPMENT_TEAM = F3CD9UZ9BR;
				ENABLE_USER_SCRIPT_SANDBOXING = NO;
				GENERATE_INFOPLIST_FILE = YES;
				IPHONEOS_DEPLOYMENT_TARGET = 17.5;
				MARKETING_VERSION = 1.0;
				PRODUCT_BUNDLE_IDENTIFIER = me.Chiles.Inge.GhibliGuideTests;
				PRODUCT_NAME = "$(TARGET_NAME)";
				SWIFT_EMIT_LOC_STRINGS = NO;
				SWIFT_VERSION = 5.0;
				TARGETED_DEVICE_FAMILY = "1,2";
				TEST_HOST = "$(BUILT_PRODUCTS_DIR)/GhibliGuide.app/$(BUNDLE_EXECUTABLE_FOLDER_PATH)/GhibliGuide";
			};
			name = Debug;
		};
		838B3F0D2C09158C00518808 /* Release */ = {
			isa = XCBuildConfiguration;
			buildSettings = {
				ALWAYS_EMBED_SWIFT_STANDARD_LIBRARIES = YES;
				BUNDLE_LOADER = "$(TEST_HOST)";
				CODE_SIGN_STYLE = Automatic;
				CURRENT_PROJECT_VERSION = 1;
				DEVELOPMENT_TEAM = F3CD9UZ9BR;
				ENABLE_USER_SCRIPT_SANDBOXING = NO;
				GENERATE_INFOPLIST_FILE = YES;
				IPHONEOS_DEPLOYMENT_TARGET = 17.5;
				MARKETING_VERSION = 1.0;
				PRODUCT_BUNDLE_IDENTIFIER = me.Chiles.Inge.GhibliGuideTests;
				PRODUCT_NAME = "$(TARGET_NAME)";
				SWIFT_EMIT_LOC_STRINGS = NO;
				SWIFT_VERSION = 5.0;
				TARGETED_DEVICE_FAMILY = "1,2";
				TEST_HOST = "$(BUILT_PRODUCTS_DIR)/GhibliGuide.app/$(BUNDLE_EXECUTABLE_FOLDER_PATH)/GhibliGuide";
			};
			name = Release;
		};
		838B3F0F2C09158C00518808 /* Debug */ = {
			isa = XCBuildConfiguration;
			buildSettings = {
				ALWAYS_EMBED_SWIFT_STANDARD_LIBRARIES = YES;
				CODE_SIGN_STYLE = Automatic;
				CURRENT_PROJECT_VERSION = 1;
				DEVELOPMENT_TEAM = F3CD9UZ9BR;
				GENERATE_INFOPLIST_FILE = YES;
				MARKETING_VERSION = 1.0;
				PRODUCT_BUNDLE_IDENTIFIER = me.Chiles.Inge.GhibliGuideUITests;
				PRODUCT_NAME = "$(TARGET_NAME)";
				SWIFT_EMIT_LOC_STRINGS = NO;
				SWIFT_VERSION = 5.0;
				TARGETED_DEVICE_FAMILY = "1,2";
				TEST_TARGET_NAME = GhibliGuide;
			};
			name = Debug;
		};
		838B3F102C09158C00518808 /* Release */ = {
			isa = XCBuildConfiguration;
			buildSettings = {
				ALWAYS_EMBED_SWIFT_STANDARD_LIBRARIES = YES;
				CODE_SIGN_STYLE = Automatic;
				CURRENT_PROJECT_VERSION = 1;
				DEVELOPMENT_TEAM = F3CD9UZ9BR;
				GENERATE_INFOPLIST_FILE = YES;
				MARKETING_VERSION = 1.0;
				PRODUCT_BUNDLE_IDENTIFIER = me.Chiles.Inge.GhibliGuideUITests;
				PRODUCT_NAME = "$(TARGET_NAME)";
				SWIFT_EMIT_LOC_STRINGS = NO;
				SWIFT_VERSION = 5.0;
				TARGETED_DEVICE_FAMILY = "1,2";
				TEST_TARGET_NAME = GhibliGuide;
			};
			name = Release;
		};
/* End XCBuildConfiguration section */

/* Begin XCConfigurationList section */
		838B3EDF2C09158B00518808 /* Build configuration list for PBXProject "GhibliGuide" */ = {
			isa = XCConfigurationList;
			buildConfigurations = (
				838B3F062C09158C00518808 /* Debug */,
				838B3F072C09158C00518808 /* Release */,
			);
			defaultConfigurationIsVisible = 0;
			defaultConfigurationName = Release;
		};
		838B3F082C09158C00518808 /* Build configuration list for PBXNativeTarget "GhibliGuide" */ = {
			isa = XCConfigurationList;
			buildConfigurations = (
				838B3F092C09158C00518808 /* Debug */,
				838B3F0A2C09158C00518808 /* Release */,
			);
			defaultConfigurationIsVisible = 0;
			defaultConfigurationName = Release;
		};
		838B3F0B2C09158C00518808 /* Build configuration list for PBXNativeTarget "GhibliGuideTests" */ = {
			isa = XCConfigurationList;
			buildConfigurations = (
				838B3F0C2C09158C00518808 /* Debug */,
				838B3F0D2C09158C00518808 /* Release */,
			);
			defaultConfigurationIsVisible = 0;
			defaultConfigurationName = Release;
		};
		838B3F0E2C09158C00518808 /* Build configuration list for PBXNativeTarget "GhibliGuideUITests" */ = {
			isa = XCConfigurationList;
			buildConfigurations = (
				838B3F0F2C09158C00518808 /* Debug */,
				838B3F102C09158C00518808 /* Release */,
			);
			defaultConfigurationIsVisible = 0;
			defaultConfigurationName = Release;
		};
/* End XCConfigurationList section */
	};
	rootObject = 838B3EDC2C09158B00518808 /* Project object */;
}
